{
    "_readme": [
        "This file locks the dependencies of your project to a known state",
        "Read more about it at https://getcomposer.org/doc/01-basic-usage.md#composer-lock-the-lock-file",
        "This file is @generated automatically"
    ],
    "content-hash": "2fc203b81d90d299c732a89a72cd4a8a",
    "packages": [
        {
            "name": "neos/error-messages",
            "version": "5.0.4",
            "source": {
                "type": "git",
                "url": "https://github.com/neos/error-messages.git",
                "reference": "972d3146dbca67aa041602a7272cc41a94309287"
            },
            "dist": {
                "type": "zip",
                "url": "https://api.github.com/repos/neos/error-messages/zipball/972d3146dbca67aa041602a7272cc41a94309287",
                "reference": "972d3146dbca67aa041602a7272cc41a94309287",
                "shasum": ""
            },
            "require": {
                "php": "~7.1"
            },
            "require-dev": {
                "phpunit/phpunit": "~7.1"
            },
            "type": "library",
            "autoload": {
                "psr-4": {
                    "Neos\\Error\\Messages\\": "Classes"
                }
            },
            "notification-url": "https://packagist.org/downloads/",
            "license": [
                "MIT"
            ],
            "description": "Flow error messages",
            "homepage": "http://flow.neos.io",
            "time": "2018-04-10T11:09:42+00:00"
        },
        {
            "name": "neos/utility-arrays",
            "version": "5.0.4",
            "source": {
                "type": "git",
                "url": "https://github.com/neos/utility-arrays.git",
                "reference": "f625aa7c4a79c412aa47336e2ec8739b6b39110a"
            },
            "dist": {
                "type": "zip",
                "url": "https://api.github.com/repos/neos/utility-arrays/zipball/f625aa7c4a79c412aa47336e2ec8739b6b39110a",
                "reference": "f625aa7c4a79c412aa47336e2ec8739b6b39110a",
                "shasum": ""
            },
            "require": {
                "neos/utility-objecthandling": "*",
                "php": "~7.1"
            },
            "require-dev": {
                "mikey179/vfsstream": "~1.6",
                "phpunit/phpunit": "~7.1"
            },
            "type": "library",
            "extra": {
                "neos": {
                    "package-key": "Neos.Utility.Arrays"
                }
            },
            "autoload": {
                "psr-4": {
                    "Neos\\Utility\\": "Classes"
                }
            },
            "notification-url": "https://packagist.org/downloads/",
            "license": [
                "MIT"
            ],
            "description": "Flow Array Utilities",
            "homepage": "http://flow.neos.io",
            "time": "2018-04-10T11:09:42+00:00"
        },
        {
            "name": "neos/utility-files",
            "version": "5.0.4",
            "source": {
                "type": "git",
                "url": "https://github.com/neos/utility-files.git",
                "reference": "cee089729de0eceb776f4fa33093f34982cb4e3e"
            },
            "dist": {
                "type": "zip",
                "url": "https://api.github.com/repos/neos/utility-files/zipball/cee089729de0eceb776f4fa33093f34982cb4e3e",
                "reference": "cee089729de0eceb776f4fa33093f34982cb4e3e",
                "shasum": ""
            },
            "require": {
                "neos/error-messages": "*",
                "php": "~7.1"
            },
            "require-dev": {
                "mikey179/vfsstream": "~1.6",
                "phpunit/phpunit": "~7.1"
            },
            "type": "library",
            "extra": {
                "neos": {
                    "package-key": "Neos.Utility.Files"
                }
            },
            "autoload": {
                "psr-4": {
                    "Neos\\Utility\\": "Classes"
                }
            },
            "notification-url": "https://packagist.org/downloads/",
            "license": [
                "MIT"
            ],
            "description": "Flow Files Utilities",
            "homepage": "http://flow.neos.io",
            "time": "2018-04-10T11:09:42+00:00"
        },
        {
            "name": "neos/utility-objecthandling",
            "version": "5.0.4",
            "source": {
                "type": "git",
                "url": "https://github.com/neos/utility-objecthandling.git",
                "reference": "fc4acf2a9b9ed9b1ffcd4278b929d7606bccb21b"
            },
            "dist": {
                "type": "zip",
                "url": "https://api.github.com/repos/neos/utility-objecthandling/zipball/fc4acf2a9b9ed9b1ffcd4278b929d7606bccb21b",
                "reference": "fc4acf2a9b9ed9b1ffcd4278b929d7606bccb21b",
                "shasum": ""
            },
            "require": {
                "php": "~7.1"
            },
            "require-dev": {
                "doctrine/common": ">=2.4,<2.8-dev",
                "doctrine/orm": "~2.6.0",
                "phpunit/phpunit": "~7.1"
            },
            "type": "library",
            "extra": {
                "neos": {
                    "package-key": "Neos.Utility.ObjectHandling"
                }
            },
            "autoload": {
                "psr-4": {
                    "Neos\\Utility\\": "Classes"
                }
            },
            "notification-url": "https://packagist.org/downloads/",
            "license": [
                "MIT"
            ],
            "description": "Flow array/object property and type utilities",
            "homepage": "http://flow.neos.io",
            "time": "2018-04-15T20:15:30+00:00"
        },
        {
            "name": "symfony/polyfill-ctype",
            "version": "v1.8.0",
            "source": {
                "type": "git",
                "url": "https://github.com/symfony/polyfill-ctype.git",
                "reference": "7cc359f1b7b80fc25ed7796be7d96adc9b354bae"
            },
            "dist": {
                "type": "zip",
                "url": "https://api.github.com/repos/symfony/polyfill-ctype/zipball/7cc359f1b7b80fc25ed7796be7d96adc9b354bae",
                "reference": "7cc359f1b7b80fc25ed7796be7d96adc9b354bae",
                "shasum": ""
            },
            "require": {
                "php": ">=5.3.3"
            },
            "type": "library",
            "extra": {
                "branch-alias": {
                    "dev-master": "1.8-dev"
                }
            },
            "autoload": {
                "psr-4": {
                    "Symfony\\Polyfill\\Ctype\\": ""
                },
                "files": [
                    "bootstrap.php"
                ]
            },
            "notification-url": "https://packagist.org/downloads/",
            "license": [
                "MIT"
            ],
            "authors": [
                {
                    "name": "Symfony Community",
                    "homepage": "https://symfony.com/contributors"
                },
                {
                    "name": "Gert de Pagter",
                    "email": "BackEndTea@gmail.com"
                }
            ],
            "description": "Symfony polyfill for ctype functions",
            "homepage": "https://symfony.com",
            "keywords": [
                "compatibility",
                "ctype",
                "polyfill",
                "portable"
            ],
            "time": "2018-04-30T19:57:29+00:00"
        },
        {
            "name": "symfony/yaml",
            "version": "v4.1.0",
            "source": {
                "type": "git",
                "url": "https://github.com/symfony/yaml.git",
                "reference": "80e4bfa9685fc4a09acc4a857ec16974a9cd944e"
            },
            "dist": {
                "type": "zip",
                "url": "https://api.github.com/repos/symfony/yaml/zipball/80e4bfa9685fc4a09acc4a857ec16974a9cd944e",
                "reference": "80e4bfa9685fc4a09acc4a857ec16974a9cd944e",
                "shasum": ""
            },
            "require": {
                "php": "^7.1.3",
                "symfony/polyfill-ctype": "~1.8"
            },
            "conflict": {
                "symfony/console": "<3.4"
            },
            "require-dev": {
                "symfony/console": "~3.4|~4.0"
            },
            "suggest": {
                "symfony/console": "For validating YAML files using the lint command"
            },
            "type": "library",
            "extra": {
                "branch-alias": {
                    "dev-master": "4.1-dev"
                }
            },
            "autoload": {
                "psr-4": {
                    "Symfony\\Component\\Yaml\\": ""
                },
                "exclude-from-classmap": [
                    "/Tests/"
                ]
            },
            "notification-url": "https://packagist.org/downloads/",
            "license": [
                "MIT"
            ],
            "authors": [
                {
                    "name": "Fabien Potencier",
                    "email": "fabien@symfony.com"
                },
                {
                    "name": "Symfony Community",
                    "homepage": "https://symfony.com/contributors"
                }
            ],
            "description": "Symfony Yaml Component",
            "homepage": "https://symfony.com",
            "time": "2018-05-30T07:26:09+00:00"
        },
        {
            "name": "typo3fluid/fluid",
            "version": "2.5.3",
            "source": {
                "type": "git",
                "url": "https://github.com/TYPO3/Fluid.git",
                "reference": "c73ee75275eb5e4db7f158df03116fd594f33dde"
            },
            "dist": {
                "type": "zip",
                "url": "https://api.github.com/repos/TYPO3/Fluid/zipball/c73ee75275eb5e4db7f158df03116fd594f33dde",
                "reference": "c73ee75275eb5e4db7f158df03116fd594f33dde",
                "shasum": ""
            },
            "require": {
                "php": ">=5.5.0"
            },
            "require-dev": {
                "mikey179/vfsstream": "^1.6",
                "phpunit/phpunit": "^4.8",
                "satooshi/php-coveralls": "^1.0",
                "squizlabs/php_codesniffer": "^2.7"
            },
            "bin": [
                "bin/fluid"
            ],
            "type": "library",
            "autoload": {
                "psr-4": {
                    "TYPO3Fluid\\Fluid\\": "src/"
                }
            },
            "notification-url": "https://packagist.org/downloads/",
            "license": [
                "LGPL-3.0-or-later"
            ],
            "description": "The TYPO3 Fluid template rendering engine",
            "time": "2018-03-08T16:24:54+00:00"
        }
    ],
    "packages-dev": [],
    "aliases": [],
    "minimum-stability": "stable",
    "stability-flags": [],
    "prefer-stable": false,
    "prefer-lowest": false,
    "platform": [],
    "platform-dev": []
}
